// !$*UTF8*$!
{
	archiveVersion = 1;
	classes = {
	};
	objectVersion = 50;
	objects = {

/* Begin PBXBuildFile section */
		FD1088982178193B00CE52FC /* TZInputView.swift in Sources */ = {isa = PBXBuildFile; fileRef = FD1088972178193B00CE52FC /* TZInputView.swift */; };
		FD10889A21783BDE00CE52FC /* TZSegmentedControl.swift in Sources */ = {isa = PBXBuildFile; fileRef = FD10889921783BDE00CE52FC /* TZSegmentedControl.swift */; };
		FD14992B217DBD560058C68E /* HomeTableViewProxy.swift in Sources */ = {isa = PBXBuildFile; fileRef = FD14992A217DBD560058C68E /* HomeTableViewProxy.swift */; };
		FD14992D217DBD950058C68E /* HomeCollectionViewProxy.swift in Sources */ = {isa = PBXBuildFile; fileRef = FD14992C217DBD950058C68E /* HomeCollectionViewProxy.swift */; };
		FD14992F217DBE1D0058C68E /* HomeCollectionViewCell.swift in Sources */ = {isa = PBXBuildFile; fileRef = FD14992E217DBE1D0058C68E /* HomeCollectionViewCell.swift */; };
		FD149931217DBEF80058C68E /* HomeBaseTemplateView.swift in Sources */ = {isa = PBXBuildFile; fileRef = FD149930217DBEF80058C68E /* HomeBaseTemplateView.swift */; };
		FD149933217DBF150058C68E /* HomeBaseTemplateView.xib in Resources */ = {isa = PBXBuildFile; fileRef = FD149932217DBF150058C68E /* HomeBaseTemplateView.xib */; };
		FD149938217DC53A0058C68E /* HomeBannerCollectionViewCell.swift in Sources */ = {isa = PBXBuildFile; fileRef = FD149936217DC53A0058C68E /* HomeBannerCollectionViewCell.swift */; };
		FD149939217DC53A0058C68E /* HomeBannerCollectionViewCell.xib in Resources */ = {isa = PBXBuildFile; fileRef = FD149937217DC53A0058C68E /* HomeBannerCollectionViewCell.xib */; };
		FD14993C217DC62F0058C68E /* HomeBannerTableViewCell.swift in Sources */ = {isa = PBXBuildFile; fileRef = FD14993A217DC62F0058C68E /* HomeBannerTableViewCell.swift */; };
		FD14993D217DC62F0058C68E /* HomeBannerTableViewCell.xib in Resources */ = {isa = PBXBuildFile; fileRef = FD14993B217DC62F0058C68E /* HomeBannerTableViewCell.xib */; };
		FD149940217DC6810058C68E /* HomeTitleTableViewCell.swift in Sources */ = {isa = PBXBuildFile; fileRef = FD14993E217DC6810058C68E /* HomeTitleTableViewCell.swift */; };
		FD149941217DC6810058C68E /* HomeTitleTableViewCell.xib in Resources */ = {isa = PBXBuildFile; fileRef = FD14993F217DC6810058C68E /* HomeTitleTableViewCell.xib */; };
		FD149944217DC6AF0058C68E /* HomeOneBigTableViewCell.swift in Sources */ = {isa = PBXBuildFile; fileRef = FD149942217DC6AF0058C68E /* HomeOneBigTableViewCell.swift */; };
		FD149945217DC6AF0058C68E /* HomeOneBigTableViewCell.xib in Resources */ = {isa = PBXBuildFile; fileRef = FD149943217DC6AF0058C68E /* HomeOneBigTableViewCell.xib */; };
		FD149948217DC6D50058C68E /* HomeTwoTableViewCell.swift in Sources */ = {isa = PBXBuildFile; fileRef = FD149946217DC6D50058C68E /* HomeTwoTableViewCell.swift */; };
		FD149949217DC6D50058C68E /* HomeTwoTableViewCell.xib in Resources */ = {isa = PBXBuildFile; fileRef = FD149947217DC6D50058C68E /* HomeTwoTableViewCell.xib */; };
		FD14994E217DC7420058C68E /* HomeChangeTableViewCell.swift in Sources */ = {isa = PBXBuildFile; fileRef = FD14994C217DC7420058C68E /* HomeChangeTableViewCell.swift */; };
		FD14994F217DC7420058C68E /* HomeChangeTableViewCell.xib in Resources */ = {isa = PBXBuildFile; fileRef = FD14994D217DC7420058C68E /* HomeChangeTableViewCell.xib */; };
		FD14BD3E217474D1001BA5DC /* default.json in Resources */ = {isa = PBXBuildFile; fileRef = FD14BD3C217474D1001BA5DC /* default.json */; };
		FD14BD3F217474D1001BA5DC /* WhiteTheme.json in Resources */ = {isa = PBXBuildFile; fileRef = FD14BD3D217474D1001BA5DC /* WhiteTheme.json */; };
		FD14BD412174C47A001BA5DC /* TZTableViewProxy.swift in Sources */ = {isa = PBXBuildFile; fileRef = FD14BD402174C47A001BA5DC /* TZTableViewProxy.swift */; };
		FD14BD432174C4AD001BA5DC /* TZTableViewCell.swift in Sources */ = {isa = PBXBuildFile; fileRef = FD14BD422174C4AD001BA5DC /* TZTableViewCell.swift */; };
		FD14BD452174D5D3001BA5DC /* TZErrorView.swift in Sources */ = {isa = PBXBuildFile; fileRef = FD14BD442174D5D3001BA5DC /* TZErrorView.swift */; };
		FD14BD472174D606001BA5DC /* TZErrorView.xib in Resources */ = {isa = PBXBuildFile; fileRef = FD14BD462174D606001BA5DC /* TZErrorView.xib */; };
		FD160CAC216C910B00FDFBF1 /* AppDelegate.swift in Sources */ = {isa = PBXBuildFile; fileRef = FD160CAB216C910B00FDFBF1 /* AppDelegate.swift */; };
		FD160CAE216C910B00FDFBF1 /* ViewController.swift in Sources */ = {isa = PBXBuildFile; fileRef = FD160CAD216C910B00FDFBF1 /* ViewController.swift */; };
		FD160CB1216C910B00FDFBF1 /* Main.storyboard in Resources */ = {isa = PBXBuildFile; fileRef = FD160CAF216C910B00FDFBF1 /* Main.storyboard */; };
		FD160CB4216C910B00FDFBF1 /* TZVideoSwift.xcdatamodeld in Sources */ = {isa = PBXBuildFile; fileRef = FD160CB2216C910B00FDFBF1 /* TZVideoSwift.xcdatamodeld */; };
		FD160CB6216C910C00FDFBF1 /* Assets.xcassets in Resources */ = {isa = PBXBuildFile; fileRef = FD160CB5216C910C00FDFBF1 /* Assets.xcassets */; };
		FD160CB9216C910C00FDFBF1 /* LaunchScreen.storyboard in Resources */ = {isa = PBXBuildFile; fileRef = FD160CB7216C910C00FDFBF1 /* LaunchScreen.storyboard */; };
		FD160CC4216C910C00FDFBF1 /* TZVideoSwiftTests.swift in Sources */ = {isa = PBXBuildFile; fileRef = FD160CC3216C910C00FDFBF1 /* TZVideoSwiftTests.swift */; };
		FD160CCF216C910C00FDFBF1 /* TZVideoSwiftUITests.swift in Sources */ = {isa = PBXBuildFile; fileRef = FD160CCE216C910C00FDFBF1 /* TZVideoSwiftUITests.swift */; };
		FD192681217581D1003239DB /* TZCollectionViewProxy.swift in Sources */ = {isa = PBXBuildFile; fileRef = FD192680217581D1003239DB /* TZCollectionViewProxy.swift */; };
		FD19268321758310003239DB /* TZCollectionViewCell.swift in Sources */ = {isa = PBXBuildFile; fileRef = FD19268221758310003239DB /* TZCollectionViewCell.swift */; };
		FD1C80D22176CAB6005C132B /* TZShare.swift in Sources */ = {isa = PBXBuildFile; fileRef = FD1C80D12176CAB6005C132B /* TZShare.swift */; };
		FD41C294218B12D600EE21C6 /* Follow_List.json in Resources */ = {isa = PBXBuildFile; fileRef = FD41C293218B12D600EE21C6 /* Follow_List.json */; };
		FD41C296218B1EFE00EE21C6 /* FollowDataSource.swift in Sources */ = {isa = PBXBuildFile; fileRef = FD41C295218B1EFE00EE21C6 /* FollowDataSource.swift */; };
		FD4C2CEA21761A57005E8F68 /* TZLoading.swift in Sources */ = {isa = PBXBuildFile; fileRef = FD4C2CE921761A57005E8F68 /* TZLoading.swift */; };
		FD4C2CED21761E26005E8F68 /* UIColor+Custom.swift in Sources */ = {isa = PBXBuildFile; fileRef = FD4C2CEC21761E26005E8F68 /* UIColor+Custom.swift */; };
		FD4FF687217C1B2E001A20EF /* TZResponse.swift in Sources */ = {isa = PBXBuildFile; fileRef = FD4FF686217C1B2E001A20EF /* TZResponse.swift */; };
		FD4FF68B217C1E6E001A20EF /* HomeTemplateResponse.swift in Sources */ = {isa = PBXBuildFile; fileRef = FD4FF68A217C1E6E001A20EF /* HomeTemplateResponse.swift */; };
		FD4FF68D217C21CB001A20EF /* HomeDataSource.swift in Sources */ = {isa = PBXBuildFile; fileRef = FD4FF68C217C21CB001A20EF /* HomeDataSource.swift */; };
		FD5A3F9F21777975006EC2C4 /* TZToast.swift in Sources */ = {isa = PBXBuildFile; fileRef = FD5A3F9E21777975006EC2C4 /* TZToast.swift */; };
		FD660BE2218C34B1003C43C3 /* FollowImageCell.swift in Sources */ = {isa = PBXBuildFile; fileRef = FD660BE0218C34B1003C43C3 /* FollowImageCell.swift */; };
		FD660BE3218C34B1003C43C3 /* FollowImageCell.xib in Resources */ = {isa = PBXBuildFile; fileRef = FD660BE1218C34B1003C43C3 /* FollowImageCell.xib */; };
		FD660BE6218C34ED003C43C3 /* FollowVideoCell.swift in Sources */ = {isa = PBXBuildFile; fileRef = FD660BE4218C34ED003C43C3 /* FollowVideoCell.swift */; };
		FD660BE7218C34ED003C43C3 /* FollowVideoCell.xib in Resources */ = {isa = PBXBuildFile; fileRef = FD660BE5218C34ED003C43C3 /* FollowVideoCell.xib */; };
		FD6DDC5D218B2464000A78D9 /* FollowBaseCell.swift in Sources */ = {isa = PBXBuildFile; fileRef = FD6DDC5B218B2464000A78D9 /* FollowBaseCell.swift */; };
		FD6DDC5E218B2464000A78D9 /* FollowBaseCell.xib in Resources */ = {isa = PBXBuildFile; fileRef = FD6DDC5C218B2464000A78D9 /* FollowBaseCell.xib */; };
		FD6DDC60218B24DB000A78D9 /* FollowTableViewProxy.swift in Sources */ = {isa = PBXBuildFile; fileRef = FD6DDC5F218B24DB000A78D9 /* FollowTableViewProxy.swift */; };
		FD782815217374CA00DD19B6 /* MainTabBarController.swift in Sources */ = {isa = PBXBuildFile; fileRef = FD782814217374CA00DD19B6 /* MainTabBarController.swift */; };
		FD78282A217381A300DD19B6 /* TZNavigationController.swift in Sources */ = {isa = PBXBuildFile; fileRef = FD782829217381A300DD19B6 /* TZNavigationController.swift */; };
		FD78282C2173822800DD19B6 /* TZBaseViewController.swift in Sources */ = {isa = PBXBuildFile; fileRef = FD78282B2173822800DD19B6 /* TZBaseViewController.swift */; };
		FD78282E2173829C00DD19B6 /* TZWebViewController.swift in Sources */ = {isa = PBXBuildFile; fileRef = FD78282D2173829C00DD19B6 /* TZWebViewController.swift */; };
		FD782830217383B400DD19B6 /* TZMediator.swift in Sources */ = {isa = PBXBuildFile; fileRef = FD78282F217383B400DD19B6 /* TZMediator.swift */; };
		FD782832217386BE00DD19B6 /* HomeViewController.swift in Sources */ = {isa = PBXBuildFile; fileRef = FD782831217386BE00DD19B6 /* HomeViewController.swift */; };
		FD7828342173871700DD19B6 /* DiscoveryViewController.swift in Sources */ = {isa = PBXBuildFile; fileRef = FD7828332173871700DD19B6 /* DiscoveryViewController.swift */; };
		FD7828362173875600DD19B6 /* FollowViewController.swift in Sources */ = {isa = PBXBuildFile; fileRef = FD7828352173875600DD19B6 /* FollowViewController.swift */; };
		FD782838217387AB00DD19B6 /* UserCenterViewController.swift in Sources */ = {isa = PBXBuildFile; fileRef = FD782837217387AB00DD19B6 /* UserCenterViewController.swift */; };
		FD8BC5A121820CCF00009AE6 /* HomeRankTableViewCell.swift in Sources */ = {isa = PBXBuildFile; fileRef = FD8BC59F21820CCF00009AE6 /* HomeRankTableViewCell.swift */; };
		FD8BC5A221820CCF00009AE6 /* HomeRankTableViewCell.xib in Resources */ = {isa = PBXBuildFile; fileRef = FD8BC5A021820CCF00009AE6 /* HomeRankTableViewCell.xib */; };
		FDB883C4217C191400058D38 /* Home_TableView_Response_12.json in Resources */ = {isa = PBXBuildFile; fileRef = FDB883BE217C191400058D38 /* Home_TableView_Response_12.json */; };
		FDB883C5217C191400058D38 /* Home_TableView_Response_11.json in Resources */ = {isa = PBXBuildFile; fileRef = FDB883BF217C191400058D38 /* Home_TableView_Response_11.json */; };
		FDB883C6217C191400058D38 /* Home_TableView_Response_14.json in Resources */ = {isa = PBXBuildFile; fileRef = FDB883C0217C191400058D38 /* Home_TableView_Response_14.json */; };
		FDB883C7217C191400058D38 /* Home_TableView_Response_13.json in Resources */ = {isa = PBXBuildFile; fileRef = FDB883C1217C191400058D38 /* Home_TableView_Response_13.json */; };
		FDB883C8217C191400058D38 /* Home_Channel_List.json in Resources */ = {isa = PBXBuildFile; fileRef = FDB883C2217C191400058D38 /* Home_Channel_List.json */; };
		FDB883C9217C191400058D38 /* Home_TableView_Response_15.json in Resources */ = {isa = PBXBuildFile; fileRef = FDB883C3217C191400058D38 /* Home_TableView_Response_15.json */; };
		FDE3C57D2189D4510021D5F6 /* Discovery_List.json in Resources */ = {isa = PBXBuildFile; fileRef = FDE3C57C2189D4510021D5F6 /* Discovery_List.json */; };
		FDE3C57F2189D6600021D5F6 /* DiscoveryDataSource.swift in Sources */ = {isa = PBXBuildFile; fileRef = FDE3C57E2189D6600021D5F6 /* DiscoveryDataSource.swift */; };
		FDE3C5832189DFB30021D5F6 /* DiscoveryTableViewCell.swift in Sources */ = {isa = PBXBuildFile; fileRef = FDE3C5812189DFB30021D5F6 /* DiscoveryTableViewCell.swift */; };
		FDE3C5842189DFB30021D5F6 /* DiscoveryTableViewCell.xib in Resources */ = {isa = PBXBuildFile; fileRef = FDE3C5822189DFB30021D5F6 /* DiscoveryTableViewCell.xib */; };
		FDE3C5872189F45F0021D5F6 /* DiscoveryTableViewProxy.swift in Sources */ = {isa = PBXBuildFile; fileRef = FDE3C5862189F45F0021D5F6 /* DiscoveryTableViewProxy.swift */; };
		FDFC2549218EA3DC00A69A1A /* UCUserInfoCell.swift in Sources */ = {isa = PBXBuildFile; fileRef = FDFC2547218EA3DC00A69A1A /* UCUserInfoCell.swift */; };
		FDFC254A218EA3DC00A69A1A /* UCUserInfoCell.xib in Resources */ = {isa = PBXBuildFile; fileRef = FDFC2548218EA3DC00A69A1A /* UCUserInfoCell.xib */; };
		FDFC254D218EA6AD00A69A1A /* UCHorizontalScrollCell.swift in Sources */ = {isa = PBXBuildFile; fileRef = FDFC254B218EA6AD00A69A1A /* UCHorizontalScrollCell.swift */; };
		FDFC254E218EA6AD00A69A1A /* UCHorizontalScrollCell.xib in Resources */ = {isa = PBXBuildFile; fileRef = FDFC254C218EA6AD00A69A1A /* UCHorizontalScrollCell.xib */; };
		FDFC2551218EA74D00A69A1A /* UCCollectionSettingsCell.swift in Sources */ = {isa = PBXBuildFile; fileRef = FDFC254F218EA74D00A69A1A /* UCCollectionSettingsCell.swift */; };
		FDFC2552218EA74D00A69A1A /* UCCollectionSettingsCell.xib in Resources */ = {isa = PBXBuildFile; fileRef = FDFC2550218EA74D00A69A1A /* UCCollectionSettingsCell.xib */; };
		FDFC2554218EA80B00A69A1A /* UserCenterTableViewProxy.swift in Sources */ = {isa = PBXBuildFile; fileRef = FDFC2553218EA80B00A69A1A /* UserCenterTableViewProxy.swift */; };
/* End PBXBuildFile section */

/* Begin PBXContainerItemProxy section */
		FD160CC0216C910C00FDFBF1 /* PBXContainerItemProxy */ = {
			isa = PBXContainerItemProxy;
			containerPortal = FD160CA0216C910B00FDFBF1 /* Project object */;
			proxyType = 1;
			remoteGlobalIDString = FD160CA7216C910B00FDFBF1;
			remoteInfo = TZVideoSwift;
		};
		FD160CCB216C910C00FDFBF1 /* PBXContainerItemProxy */ = {
			isa = PBXContainerItemProxy;
			containerPortal = FD160CA0216C910B00FDFBF1 /* Project object */;
			proxyType = 1;
			remoteGlobalIDString = FD160CA7216C910B00FDFBF1;
			remoteInfo = TZVideoSwift;
		};
/* End PBXContainerItemProxy section */

/* Begin PBXFileReference section */
		387A860BEF1FBD3DEBEFF3DF /* Pods-TZVideoSwiftTests.release.xcconfig */ = {isa = PBXFileReference; includeInIndex = 1; lastKnownFileType = text.xcconfig; name = "Pods-TZVideoSwiftTests.release.xcconfig"; path = "Pods/Target Support Files/Pods-TZVideoSwiftTests/Pods-TZVideoSwiftTests.release.xcconfig"; sourceTree = "<group>"; };
		4214190F47E7BD79A05444C9 /* Pods-TZVideoSwift.debug.xcconfig */ = {isa = PBXFileReference; includeInIndex = 1; lastKnownFileType = text.xcconfig; name = "Pods-TZVideoSwift.debug.xcconfig"; path = "Pods/Target Support Files/Pods-TZVideoSwift/Pods-TZVideoSwift.debug.xcconfig"; sourceTree = "<group>"; };
		692D71AA46D320BFE2CEAE88 /* Pods-TZVideoSwiftUITests.release.xcconfig */ = {isa = PBXFileReference; includeInIndex = 1; lastKnownFileType = text.xcconfig; name = "Pods-TZVideoSwiftUITests.release.xcconfig"; path = "Pods/Target Support Files/Pods-TZVideoSwiftUITests/Pods-TZVideoSwiftUITests.release.xcconfig"; sourceTree = "<group>"; };
		88A7B97CAA10C04B6C309EE8 /* Pods-TZVideoSwiftUITests.debug.xcconfig */ = {isa = PBXFileReference; includeInIndex = 1; lastKnownFileType = text.xcconfig; name = "Pods-TZVideoSwiftUITests.debug.xcconfig"; path = "Pods/Target Support Files/Pods-TZVideoSwiftUITests/Pods-TZVideoSwiftUITests.debug.xcconfig"; sourceTree = "<group>"; };
		8B54E426AF948CF4070C5B27 /* Pods-TZVideoSwiftTests.debug.xcconfig */ = {isa = PBXFileReference; includeInIndex = 1; lastKnownFileType = text.xcconfig; name = "Pods-TZVideoSwiftTests.debug.xcconfig"; path = "Pods/Target Support Files/Pods-TZVideoSwiftTests/Pods-TZVideoSwiftTests.debug.xcconfig"; sourceTree = "<group>"; };
		E35014DBE510E26D1A83809B /* Pods-TZVideoSwift.release.xcconfig */ = {isa = PBXFileReference; includeInIndex = 1; lastKnownFileType = text.xcconfig; name = "Pods-TZVideoSwift.release.xcconfig"; path = "Pods/Target Support Files/Pods-TZVideoSwift/Pods-TZVideoSwift.release.xcconfig"; sourceTree = "<group>"; };
		FD1088972178193B00CE52FC /* TZInputView.swift */ = {isa = PBXFileReference; lastKnownFileType = sourcecode.swift; path = TZInputView.swift; sourceTree = "<group>"; };
		FD10889921783BDE00CE52FC /* TZSegmentedControl.swift */ = {isa = PBXFileReference; lastKnownFileType = sourcecode.swift; path = TZSegmentedControl.swift; sourceTree = "<group>"; };
		FD14992A217DBD560058C68E /* HomeTableViewProxy.swift */ = {isa = PBXFileReference; lastKnownFileType = sourcecode.swift; path = HomeTableViewProxy.swift; sourceTree = "<group>"; };
		FD14992C217DBD950058C68E /* HomeCollectionViewProxy.swift */ = {isa = PBXFileReference; lastKnownFileType = sourcecode.swift; path = HomeCollectionViewProxy.swift; sourceTree = "<group>"; };
		FD14992E217DBE1D0058C68E /* HomeCollectionViewCell.swift */ = {isa = PBXFileReference; lastKnownFileType = sourcecode.swift; path = HomeCollectionViewCell.swift; sourceTree = "<group>"; };
		FD149930217DBEF80058C68E /* HomeBaseTemplateView.swift */ = {isa = PBXFileReference; lastKnownFileType = sourcecode.swift; path = HomeBaseTemplateView.swift; sourceTree = "<group>"; };
		FD149932217DBF150058C68E /* HomeBaseTemplateView.xib */ = {isa = PBXFileReference; lastKnownFileType = file.xib; path = HomeBaseTemplateView.xib; sourceTree = "<group>"; };
		FD149936217DC53A0058C68E /* HomeBannerCollectionViewCell.swift */ = {isa = PBXFileReference; lastKnownFileType = sourcecode.swift; path = HomeBannerCollectionViewCell.swift; sourceTree = "<group>"; };
		FD149937217DC53A0058C68E /* HomeBannerCollectionViewCell.xib */ = {isa = PBXFileReference; lastKnownFileType = file.xib; path = HomeBannerCollectionViewCell.xib; sourceTree = "<group>"; };
		FD14993A217DC62F0058C68E /* HomeBannerTableViewCell.swift */ = {isa = PBXFileReference; lastKnownFileType = sourcecode.swift; path = HomeBannerTableViewCell.swift; sourceTree = "<group>"; };
		FD14993B217DC62F0058C68E /* HomeBannerTableViewCell.xib */ = {isa = PBXFileReference; lastKnownFileType = file.xib; path = HomeBannerTableViewCell.xib; sourceTree = "<group>"; };
		FD14993E217DC6810058C68E /* HomeTitleTableViewCell.swift */ = {isa = PBXFileReference; lastKnownFileType = sourcecode.swift; path = HomeTitleTableViewCell.swift; sourceTree = "<group>"; };
		FD14993F217DC6810058C68E /* HomeTitleTableViewCell.xib */ = {isa = PBXFileReference; lastKnownFileType = file.xib; path = HomeTitleTableViewCell.xib; sourceTree = "<group>"; };
		FD149942217DC6AF0058C68E /* HomeOneBigTableViewCell.swift */ = {isa = PBXFileReference; lastKnownFileType = sourcecode.swift; path = HomeOneBigTableViewCell.swift; sourceTree = "<group>"; };
		FD149943217DC6AF0058C68E /* HomeOneBigTableViewCell.xib */ = {isa = PBXFileReference; lastKnownFileType = file.xib; path = HomeOneBigTableViewCell.xib; sourceTree = "<group>"; };
		FD149946217DC6D50058C68E /* HomeTwoTableViewCell.swift */ = {isa = PBXFileReference; lastKnownFileType = sourcecode.swift; path = HomeTwoTableViewCell.swift; sourceTree = "<group>"; };
		FD149947217DC6D50058C68E /* HomeTwoTableViewCell.xib */ = {isa = PBXFileReference; lastKnownFileType = file.xib; path = HomeTwoTableViewCell.xib; sourceTree = "<group>"; };
		FD14994C217DC7420058C68E /* HomeChangeTableViewCell.swift */ = {isa = PBXFileReference; lastKnownFileType = sourcecode.swift; path = HomeChangeTableViewCell.swift; sourceTree = "<group>"; };
		FD14994D217DC7420058C68E /* HomeChangeTableViewCell.xib */ = {isa = PBXFileReference; lastKnownFileType = file.xib; path = HomeChangeTableViewCell.xib; sourceTree = "<group>"; };
		FD14BD3C217474D1001BA5DC /* default.json */ = {isa = PBXFileReference; fileEncoding = 4; lastKnownFileType = text.json; path = default.json; sourceTree = "<group>"; };
		FD14BD3D217474D1001BA5DC /* WhiteTheme.json */ = {isa = PBXFileReference; fileEncoding = 4; lastKnownFileType = text.json; path = WhiteTheme.json; sourceTree = "<group>"; };
		FD14BD402174C47A001BA5DC /* TZTableViewProxy.swift */ = {isa = PBXFileReference; lastKnownFileType = sourcecode.swift; path = TZTableViewProxy.swift; sourceTree = "<group>"; };
		FD14BD422174C4AD001BA5DC /* TZTableViewCell.swift */ = {isa = PBXFileReference; lastKnownFileType = sourcecode.swift; path = TZTableViewCell.swift; sourceTree = "<group>"; };
		FD14BD442174D5D3001BA5DC /* TZErrorView.swift */ = {isa = PBXFileReference; lastKnownFileType = sourcecode.swift; path = TZErrorView.swift; sourceTree = "<group>"; };
		FD14BD462174D606001BA5DC /* TZErrorView.xib */ = {isa = PBXFileReference; lastKnownFileType = file.xib; path = TZErrorView.xib; sourceTree = "<group>"; };
		FD160CA8216C910B00FDFBF1 /* TZVideoSwift.app */ = {isa = PBXFileReference; explicitFileType = wrapper.application; includeInIndex = 0; path = TZVideoSwift.app; sourceTree = BUILT_PRODUCTS_DIR; };
		FD160CAB216C910B00FDFBF1 /* AppDelegate.swift */ = {isa = PBXFileReference; lastKnownFileType = sourcecode.swift; path = AppDelegate.swift; sourceTree = "<group>"; };
		FD160CAD216C910B00FDFBF1 /* ViewController.swift */ = {isa = PBXFileReference; lastKnownFileType = sourcecode.swift; path = ViewController.swift; sourceTree = "<group>"; };
		FD160CB0216C910B00FDFBF1 /* Base */ = {isa = PBXFileReference; lastKnownFileType = file.storyboard; name = Base; path = Base.lproj/Main.storyboard; sourceTree = "<group>"; };
		FD160CB3216C910B00FDFBF1 /* TZVideoSwift.xcdatamodel */ = {isa = PBXFileReference; lastKnownFileType = wrapper.xcdatamodel; path = TZVideoSwift.xcdatamodel; sourceTree = "<group>"; };
		FD160CB5216C910C00FDFBF1 /* Assets.xcassets */ = {isa = PBXFileReference; lastKnownFileType = folder.assetcatalog; path = Assets.xcassets; sourceTree = "<group>"; };
		FD160CB8216C910C00FDFBF1 /* Base */ = {isa = PBXFileReference; lastKnownFileType = file.storyboard; name = Base; path = Base.lproj/LaunchScreen.storyboard; sourceTree = "<group>"; };
		FD160CBA216C910C00FDFBF1 /* Info.plist */ = {isa = PBXFileReference; lastKnownFileType = text.plist.xml; path = Info.plist; sourceTree = "<group>"; };
		FD160CBF216C910C00FDFBF1 /* TZVideoSwiftTests.xctest */ = {isa = PBXFileReference; explicitFileType = wrapper.cfbundle; includeInIndex = 0; path = TZVideoSwiftTests.xctest; sourceTree = BUILT_PRODUCTS_DIR; };
		FD160CC3216C910C00FDFBF1 /* TZVideoSwiftTests.swift */ = {isa = PBXFileReference; lastKnownFileType = sourcecode.swift; path = TZVideoSwiftTests.swift; sourceTree = "<group>"; };
		FD160CC5216C910C00FDFBF1 /* Info.plist */ = {isa = PBXFileReference; lastKnownFileType = text.plist.xml; path = Info.plist; sourceTree = "<group>"; };
		FD160CCA216C910C00FDFBF1 /* TZVideoSwiftUITests.xctest */ = {isa = PBXFileReference; explicitFileType = wrapper.cfbundle; includeInIndex = 0; path = TZVideoSwiftUITests.xctest; sourceTree = BUILT_PRODUCTS_DIR; };
		FD160CCE216C910C00FDFBF1 /* TZVideoSwiftUITests.swift */ = {isa = PBXFileReference; lastKnownFileType = sourcecode.swift; path = TZVideoSwiftUITests.swift; sourceTree = "<group>"; };
		FD160CD0216C910C00FDFBF1 /* Info.plist */ = {isa = PBXFileReference; lastKnownFileType = text.plist.xml; path = Info.plist; sourceTree = "<group>"; };
		FD192680217581D1003239DB /* TZCollectionViewProxy.swift */ = {isa = PBXFileReference; lastKnownFileType = sourcecode.swift; path = TZCollectionViewProxy.swift; sourceTree = "<group>"; };
		FD19268221758310003239DB /* TZCollectionViewCell.swift */ = {isa = PBXFileReference; lastKnownFileType = sourcecode.swift; path = TZCollectionViewCell.swift; sourceTree = "<group>"; };
		FD1C80D12176CAB6005C132B /* TZShare.swift */ = {isa = PBXFileReference; lastKnownFileType = sourcecode.swift; path = TZShare.swift; sourceTree = "<group>"; };
		FD41C293218B12D600EE21C6 /* Follow_List.json */ = {isa = PBXFileReference; fileEncoding = 4; lastKnownFileType = text.json; path = Follow_List.json; sourceTree = "<group>"; };
		FD41C295218B1EFE00EE21C6 /* FollowDataSource.swift */ = {isa = PBXFileReference; lastKnownFileType = sourcecode.swift; path = FollowDataSource.swift; sourceTree = "<group>"; };
		FD4C2CE921761A57005E8F68 /* TZLoading.swift */ = {isa = PBXFileReference; lastKnownFileType = sourcecode.swift; path = TZLoading.swift; sourceTree = "<group>"; };
		FD4C2CEC21761E26005E8F68 /* UIColor+Custom.swift */ = {isa = PBXFileReference; lastKnownFileType = sourcecode.swift; path = "UIColor+Custom.swift"; sourceTree = "<group>"; };
		FD4FF686217C1B2E001A20EF /* TZResponse.swift */ = {isa = PBXFileReference; lastKnownFileType = sourcecode.swift; path = TZResponse.swift; sourceTree = "<group>"; };
		FD4FF68A217C1E6E001A20EF /* HomeTemplateResponse.swift */ = {isa = PBXFileReference; lastKnownFileType = sourcecode.swift; path = HomeTemplateResponse.swift; sourceTree = "<group>"; };
		FD4FF68C217C21CB001A20EF /* HomeDataSource.swift */ = {isa = PBXFileReference; lastKnownFileType = sourcecode.swift; path = HomeDataSource.swift; sourceTree = "<group>"; };
		FD5A3F9E21777975006EC2C4 /* TZToast.swift */ = {isa = PBXFileReference; lastKnownFileType = sourcecode.swift; path = TZToast.swift; sourceTree = "<group>"; };
		FD660BE0218C34B1003C43C3 /* FollowImageCell.swift */ = {isa = PBXFileReference; lastKnownFileType = sourcecode.swift; path = FollowImageCell.swift; sourceTree = "<group>"; };
		FD660BE1218C34B1003C43C3 /* FollowImageCell.xib */ = {isa = PBXFileReference; lastKnownFileType = file.xib; path = FollowImageCell.xib; sourceTree = "<group>"; };
		FD660BE4218C34ED003C43C3 /* FollowVideoCell.swift */ = {isa = PBXFileReference; lastKnownFileType = sourcecode.swift; path = FollowVideoCell.swift; sourceTree = "<group>"; };
		FD660BE5218C34ED003C43C3 /* FollowVideoCell.xib */ = {isa = PBXFileReference; lastKnownFileType = file.xib; path = FollowVideoCell.xib; sourceTree = "<group>"; };
		FD6DDC5B218B2464000A78D9 /* FollowBaseCell.swift */ = {isa = PBXFileReference; lastKnownFileType = sourcecode.swift; path = FollowBaseCell.swift; sourceTree = "<group>"; };
		FD6DDC5C218B2464000A78D9 /* FollowBaseCell.xib */ = {isa = PBXFileReference; lastKnownFileType = file.xib; path = FollowBaseCell.xib; sourceTree = "<group>"; };
		FD6DDC5F218B24DB000A78D9 /* FollowTableViewProxy.swift */ = {isa = PBXFileReference; lastKnownFileType = sourcecode.swift; path = FollowTableViewProxy.swift; sourceTree = "<group>"; };
		FD782814217374CA00DD19B6 /* MainTabBarController.swift */ = {isa = PBXFileReference; lastKnownFileType = sourcecode.swift; path = MainTabBarController.swift; sourceTree = "<group>"; };
		FD782829217381A300DD19B6 /* TZNavigationController.swift */ = {isa = PBXFileReference; lastKnownFileType = sourcecode.swift; path = TZNavigationController.swift; sourceTree = "<group>"; };
		FD78282B2173822800DD19B6 /* TZBaseViewController.swift */ = {isa = PBXFileReference; lastKnownFileType = sourcecode.swift; path = TZBaseViewController.swift; sourceTree = "<group>"; };
		FD78282D2173829C00DD19B6 /* TZWebViewController.swift */ = {isa = PBXFileReference; lastKnownFileType = sourcecode.swift; path = TZWebViewController.swift; sourceTree = "<group>"; };
		FD78282F217383B400DD19B6 /* TZMediator.swift */ = {isa = PBXFileReference; lastKnownFileType = sourcecode.swift; path = TZMediator.swift; sourceTree = "<group>"; };
		FD782831217386BE00DD19B6 /* HomeViewController.swift */ = {isa = PBXFileReference; lastKnownFileType = sourcecode.swift; path = HomeViewController.swift; sourceTree = "<group>"; };
		FD7828332173871700DD19B6 /* DiscoveryViewController.swift */ = {isa = PBXFileReference; lastKnownFileType = sourcecode.swift; path = DiscoveryViewController.swift; sourceTree = "<group>"; };
		FD7828352173875600DD19B6 /* FollowViewController.swift */ = {isa = PBXFileReference; lastKnownFileType = sourcecode.swift; path = FollowViewController.swift; sourceTree = "<group>"; };
		FD782837217387AB00DD19B6 /* UserCenterViewController.swift */ = {isa = PBXFileReference; lastKnownFileType = sourcecode.swift; path = UserCenterViewController.swift; sourceTree = "<group>"; };
		FD8BC59F21820CCF00009AE6 /* HomeRankTableViewCell.swift */ = {isa = PBXFileReference; lastKnownFileType = sourcecode.swift; path = HomeRankTableViewCell.swift; sourceTree = "<group>"; };
		FD8BC5A021820CCF00009AE6 /* HomeRankTableViewCell.xib */ = {isa = PBXFileReference; lastKnownFileType = file.xib; path = HomeRankTableViewCell.xib; sourceTree = "<group>"; };
		FDB883BE217C191400058D38 /* Home_TableView_Response_12.json */ = {isa = PBXFileReference; fileEncoding = 4; lastKnownFileType = text.json; path = Home_TableView_Response_12.json; sourceTree = "<group>"; };
		FDB883BF217C191400058D38 /* Home_TableView_Response_11.json */ = {isa = PBXFileReference; fileEncoding = 4; lastKnownFileType = text.json; path = Home_TableView_Response_11.json; sourceTree = "<group>"; };
		FDB883C0217C191400058D38 /* Home_TableView_Response_14.json */ = {isa = PBXFileReference; fileEncoding = 4; lastKnownFileType = text.json; path = Home_TableView_Response_14.json; sourceTree = "<group>"; };
		FDB883C1217C191400058D38 /* Home_TableView_Response_13.json */ = {isa = PBXFileReference; fileEncoding = 4; lastKnownFileType = text.json; path = Home_TableView_Response_13.json; sourceTree = "<group>"; };
		FDB883C2217C191400058D38 /* Home_Channel_List.json */ = {isa = PBXFileReference; fileEncoding = 4; lastKnownFileType = text.json; path = Home_Channel_List.json; sourceTree = "<group>"; };
		FDB883C3217C191400058D38 /* Home_TableView_Response_15.json */ = {isa = PBXFileReference; fileEncoding = 4; lastKnownFileType = text.json; path = Home_TableView_Response_15.json; sourceTree = "<group>"; };
		FDE3C57C2189D4510021D5F6 /* Discovery_List.json */ = {isa = PBXFileReference; fileEncoding = 4; lastKnownFileType = text.json; path = Discovery_List.json; sourceTree = "<group>"; };
		FDE3C57E2189D6600021D5F6 /* DiscoveryDataSource.swift */ = {isa = PBXFileReference; lastKnownFileType = sourcecode.swift; path = DiscoveryDataSource.swift; sourceTree = "<group>"; };
		FDE3C5812189DFB30021D5F6 /* DiscoveryTableViewCell.swift */ = {isa = PBXFileReference; lastKnownFileType = sourcecode.swift; path = DiscoveryTableViewCell.swift; sourceTree = "<group>"; };
		FDE3C5822189DFB30021D5F6 /* DiscoveryTableViewCell.xib */ = {isa = PBXFileReference; lastKnownFileType = file.xib; path = DiscoveryTableViewCell.xib; sourceTree = "<group>"; };
		FDE3C5862189F45F0021D5F6 /* DiscoveryTableViewProxy.swift */ = {isa = PBXFileReference; lastKnownFileType = sourcecode.swift; path = DiscoveryTableViewProxy.swift; sourceTree = "<group>"; };
		FDFC2547218EA3DC00A69A1A /* UCUserInfoCell.swift */ = {isa = PBXFileReference; lastKnownFileType = sourcecode.swift; path = UCUserInfoCell.swift; sourceTree = "<group>"; };
		FDFC2548218EA3DC00A69A1A /* UCUserInfoCell.xib */ = {isa = PBXFileReference; lastKnownFileType = file.xib; path = UCUserInfoCell.xib; sourceTree = "<group>"; };
		FDFC254B218EA6AD00A69A1A /* UCHorizontalScrollCell.swift */ = {isa = PBXFileReference; lastKnownFileType = sourcecode.swift; path = UCHorizontalScrollCell.swift; sourceTree = "<group>"; };
		FDFC254C218EA6AD00A69A1A /* UCHorizontalScrollCell.xib */ = {isa = PBXFileReference; lastKnownFileType = file.xib; path = UCHorizontalScrollCell.xib; sourceTree = "<group>"; };
		FDFC254F218EA74D00A69A1A /* UCCollectionSettingsCell.swift */ = {isa = PBXFileReference; lastKnownFileType = sourcecode.swift; path = UCCollectionSettingsCell.swift; sourceTree = "<group>"; };
		FDFC2550218EA74D00A69A1A /* UCCollectionSettingsCell.xib */ = {isa = PBXFileReference; lastKnownFileType = file.xib; path = UCCollectionSettingsCell.xib; sourceTree = "<group>"; };
		FDFC2553218EA80B00A69A1A /* UserCenterTableViewProxy.swift */ = {isa = PBXFileReference; lastKnownFileType = sourcecode.swift; path = UserCenterTableViewProxy.swift; sourceTree = "<group>"; };
/* End PBXFileReference section */

/* Begin PBXFrameworksBuildPhase section */
		FD160CA5216C910B00FDFBF1 /* Frameworks */ = {
			isa = PBXFrameworksBuildPhase;
			buildActionMask = 2147483647;
			files = (
			);
			runOnlyForDeploymentPostprocessing = 0;
		};
		FD160CBC216C910C00FDFBF1 /* Frameworks */ = {
			isa = PBXFrameworksBuildPhase;
			buildActionMask = 2147483647;
			files = (
			);
			runOnlyForDeploymentPostprocessing = 0;
		};
		FD160CC7216C910C00FDFBF1 /* Frameworks */ = {
			isa = PBXFrameworksBuildPhase;
			buildActionMask = 2147483647;
			files = (
			);
			runOnlyForDeploymentPostprocessing = 0;
		};
/* End PBXFrameworksBuildPhase section */

/* Begin PBXGroup section */
		20903F160B63510929EDCFD3 /* Pods */ = {
			isa = PBXGroup;
			children = (
				4214190F47E7BD79A05444C9 /* Pods-TZVideoSwift.debug.xcconfig */,
				E35014DBE510E26D1A83809B /* Pods-TZVideoSwift.release.xcconfig */,
				8B54E426AF948CF4070C5B27 /* Pods-TZVideoSwiftTests.debug.xcconfig */,
				387A860BEF1FBD3DEBEFF3DF /* Pods-TZVideoSwiftTests.release.xcconfig */,
				88A7B97CAA10C04B6C309EE8 /* Pods-TZVideoSwiftUITests.debug.xcconfig */,
				692D71AA46D320BFE2CEAE88 /* Pods-TZVideoSwiftUITests.release.xcconfig */,
			);
			name = Pods;
			sourceTree = "<group>";
		};
		FD149928217DB6DE0058C68E /* ViewProxy */ = {
			isa = PBXGroup;
			children = (
				FD14992A217DBD560058C68E /* HomeTableViewProxy.swift */,
				FD14992C217DBD950058C68E /* HomeCollectionViewProxy.swift */,
			);
			path = ViewProxy;
			sourceTree = "<group>";
		};
		FD149929217DBAF90058C68E /* View */ = {
			isa = PBXGroup;
			children = (
				FD14992E217DBE1D0058C68E /* HomeCollectionViewCell.swift */,
				FD149930217DBEF80058C68E /* HomeBaseTemplateView.swift */,
				FD149932217DBF150058C68E /* HomeBaseTemplateView.xib */,
			);
			path = View;
			sourceTree = "<group>";
		};
		FD149934217DC4E80058C68E /* Cell */ = {
			isa = PBXGroup;
			children = (
				FD149935217DC4F30058C68E /* banner */,
				FD14993E217DC6810058C68E /* HomeTitleTableViewCell.swift */,
				FD14993F217DC6810058C68E /* HomeTitleTableViewCell.xib */,
				FD149942217DC6AF0058C68E /* HomeOneBigTableViewCell.swift */,
				FD149943217DC6AF0058C68E /* HomeOneBigTableViewCell.xib */,
				FD149946217DC6D50058C68E /* HomeTwoTableViewCell.swift */,
				FD149947217DC6D50058C68E /* HomeTwoTableViewCell.xib */,
				FD14994C217DC7420058C68E /* HomeChangeTableViewCell.swift */,
				FD14994D217DC7420058C68E /* HomeChangeTableViewCell.xib */,
				FD8BC59F21820CCF00009AE6 /* HomeRankTableViewCell.swift */,
				FD8BC5A021820CCF00009AE6 /* HomeRankTableViewCell.xib */,
			);
			path = Cell;
			sourceTree = "<group>";
		};
		FD149935217DC4F30058C68E /* banner */ = {
			isa = PBXGroup;
			children = (
				FD149936217DC53A0058C68E /* HomeBannerCollectionViewCell.swift */,
				FD149937217DC53A0058C68E /* HomeBannerCollectionViewCell.xib */,
				FD14993A217DC62F0058C68E /* HomeBannerTableViewCell.swift */,
				FD14993B217DC62F0058C68E /* HomeBannerTableViewCell.xib */,
			);
			path = banner;
			sourceTree = "<group>";
		};
		FD14BD3A21747407001BA5DC /* Data */ = {
			isa = PBXGroup;
			children = (
				FD41C292218B0FEF00EE21C6 /* Follow */,
				FDE3C57B2189D42B0021D5F6 /* Discovery */,
				FDB883CA217C1A4300058D38 /* Public */,
				FDB883BD217C18ED00058D38 /* Home */,
				FD14BD3B21747498001BA5DC /* Theme */,
			);
			path = Data;
			sourceTree = "<group>";
		};
		FD14BD3B21747498001BA5DC /* Theme */ = {
			isa = PBXGroup;
			children = (
				FD14BD3C217474D1001BA5DC /* default.json */,
				FD14BD3D217474D1001BA5DC /* WhiteTheme.json */,
			);
			path = Theme;
			sourceTree = "<group>";
		};
		FD160C9F216C910B00FDFBF1 = {
			isa = PBXGroup;
			children = (
				FD160CAA216C910B00FDFBF1 /* TZVideoSwift */,
				FD160CC2216C910C00FDFBF1 /* TZVideoSwiftTests */,
				FD160CCD216C910C00FDFBF1 /* TZVideoSwiftUITests */,
				FD160CA9216C910B00FDFBF1 /* Products */,
				20903F160B63510929EDCFD3 /* Pods */,
			);
			sourceTree = "<group>";
		};
		FD160CA9216C910B00FDFBF1 /* Products */ = {
			isa = PBXGroup;
			children = (
				FD160CA8216C910B00FDFBF1 /* TZVideoSwift.app */,
				FD160CBF216C910C00FDFBF1 /* TZVideoSwiftTests.xctest */,
				FD160CCA216C910C00FDFBF1 /* TZVideoSwiftUITests.xctest */,
			);
			name = Products;
			sourceTree = "<group>";
		};
		FD160CAA216C910B00FDFBF1 /* TZVideoSwift */ = {
			isa = PBXGroup;
			children = (
				FD14BD3A21747407001BA5DC /* Data */,
				FD7828162173775400DD19B6 /* UI */,
				FD160CE4216CB5AC00FDFBF1 /* Dependencies */,
				FD4C2CEB21761DDE005E8F68 /* TZCategories */,
				FD160CAB216C910B00FDFBF1 /* AppDelegate.swift */,
				FD160CAD216C910B00FDFBF1 /* ViewController.swift */,
				FD160CAF216C910B00FDFBF1 /* Main.storyboard */,
				FD160CB5216C910C00FDFBF1 /* Assets.xcassets */,
				FD160CB7216C910C00FDFBF1 /* LaunchScreen.storyboard */,
				FD160CBA216C910C00FDFBF1 /* Info.plist */,
				FD160CB2216C910B00FDFBF1 /* TZVideoSwift.xcdatamodeld */,
				FD782814217374CA00DD19B6 /* MainTabBarController.swift */,
			);
			path = TZVideoSwift;
			sourceTree = "<group>";
		};
		FD160CC2216C910C00FDFBF1 /* TZVideoSwiftTests */ = {
			isa = PBXGroup;
			children = (
				FD160CC3216C910C00FDFBF1 /* TZVideoSwiftTests.swift */,
				FD160CC5216C910C00FDFBF1 /* Info.plist */,
			);
			path = TZVideoSwiftTests;
			sourceTree = "<group>";
		};
		FD160CCD216C910C00FDFBF1 /* TZVideoSwiftUITests */ = {
			isa = PBXGroup;
			children = (
				FD160CCE216C910C00FDFBF1 /* TZVideoSwiftUITests.swift */,
				FD160CD0216C910C00FDFBF1 /* Info.plist */,
			);
			path = TZVideoSwiftUITests;
			sourceTree = "<group>";
		};
		FD160CE4216CB5AC00FDFBF1 /* Dependencies */ = {
			isa = PBXGroup;
			children = (
			);
			path = Dependencies;
			sourceTree = "<group>";
		};
		FD41C292218B0FEF00EE21C6 /* Follow */ = {
			isa = PBXGroup;
			children = (
				FD41C293218B12D600EE21C6 /* Follow_List.json */,
				FD41C295218B1EFE00EE21C6 /* FollowDataSource.swift */,
			);
			path = Follow;
			sourceTree = "<group>";
		};
		FD4C2CEB21761DDE005E8F68 /* TZCategories */ = {
			isa = PBXGroup;
			children = (
				FD4C2CEC21761E26005E8F68 /* UIColor+Custom.swift */,
			);
			path = TZCategories;
			sourceTree = "<group>";
		};
		FD6DDC59218B2404000A78D9 /* Views */ = {
			isa = PBXGroup;
			children = (
				FD6DDC5B218B2464000A78D9 /* FollowBaseCell.swift */,
				FD6DDC5C218B2464000A78D9 /* FollowBaseCell.xib */,
				FD660BE0218C34B1003C43C3 /* FollowImageCell.swift */,
				FD660BE1218C34B1003C43C3 /* FollowImageCell.xib */,
				FD660BE4218C34ED003C43C3 /* FollowVideoCell.swift */,
				FD660BE5218C34ED003C43C3 /* FollowVideoCell.xib */,
			);
			path = Views;
			sourceTree = "<group>";
		};
		FD6DDC5A218B240D000A78D9 /* ViewProxy */ = {
			isa = PBXGroup;
			children = (
				FD6DDC5F218B24DB000A78D9 /* FollowTableViewProxy.swift */,
			);
			path = ViewProxy;
			sourceTree = "<group>";
		};
		FD7828162173775400DD19B6 /* UI */ = {
			isa = PBXGroup;
			children = (
				FD7828172173779E00DD19B6 /* Public */,
				FD78282321737A0200DD19B6 /* Home */,
				FD78282421737A3B00DD19B6 /* Discovery */,
				FD78282721737AC500DD19B6 /* Follow */,
				FD78282821737B0800DD19B6 /* UserCenter */,
			);
			path = UI;
			sourceTree = "<group>";
		};
		FD7828172173779E00DD19B6 /* Public */ = {
			isa = PBXGroup;
			children = (
				FD782818217377E900DD19B6 /* TZTableView */,
				FD7828192173780E00DD19B6 /* TZCollectionView */,
				FD78281A2173782400DD19B6 /* TZViewControllers */,
				FD78281B2173785300DD19B6 /* TZLoading */,
				FD78281C217378CA00DD19B6 /* TZShare */,
				FD78281D2173792C00DD19B6 /* TZToast */,
				FD78281E2173795200DD19B6 /* TZDLNA */,
				FD78281F2173796A00DD19B6 /* TZPlayer */,
				FD7828202173798B00DD19B6 /* TZInputView */,
				FD782821217379A400DD19B6 /* TZErrorView */,
				FD782822217379BF00DD19B6 /* TZSegmentedControl */,
			);
			path = Public;
			sourceTree = "<group>";
		};
		FD782818217377E900DD19B6 /* TZTableView */ = {
			isa = PBXGroup;
			children = (
				FD14BD402174C47A001BA5DC /* TZTableViewProxy.swift */,
				FD14BD422174C4AD001BA5DC /* TZTableViewCell.swift */,
			);
			path = TZTableView;
			sourceTree = "<group>";
		};
		FD7828192173780E00DD19B6 /* TZCollectionView */ = {
			isa = PBXGroup;
			children = (
				FD192680217581D1003239DB /* TZCollectionViewProxy.swift */,
				FD19268221758310003239DB /* TZCollectionViewCell.swift */,
			);
			path = TZCollectionView;
			sourceTree = "<group>";
		};
		FD78281A2173782400DD19B6 /* TZViewControllers */ = {
			isa = PBXGroup;
			children = (
				FD782829217381A300DD19B6 /* TZNavigationController.swift */,
				FD78282B2173822800DD19B6 /* TZBaseViewController.swift */,
				FD78282D2173829C00DD19B6 /* TZWebViewController.swift */,
				FD78282F217383B400DD19B6 /* TZMediator.swift */,
			);
			path = TZViewControllers;
			sourceTree = "<group>";
		};
		FD78281B2173785300DD19B6 /* TZLoading */ = {
			isa = PBXGroup;
			children = (
				FD4C2CE921761A57005E8F68 /* TZLoading.swift */,
			);
			path = TZLoading;
			sourceTree = "<group>";
		};
		FD78281C217378CA00DD19B6 /* TZShare */ = {
			isa = PBXGroup;
			children = (
				FD1C80D12176CAB6005C132B /* TZShare.swift */,
			);
			path = TZShare;
			sourceTree = "<group>";
		};
		FD78281D2173792C00DD19B6 /* TZToast */ = {
			isa = PBXGroup;
			children = (
				FD5A3F9E21777975006EC2C4 /* TZToast.swift */,
			);
			path = TZToast;
			sourceTree = "<group>";
		};
		FD78281E2173795200DD19B6 /* TZDLNA */ = {
			isa = PBXGroup;
			children = (
			);
			path = TZDLNA;
			sourceTree = "<group>";
		};
		FD78281F2173796A00DD19B6 /* TZPlayer */ = {
			isa = PBXGroup;
			children = (
			);
			path = TZPlayer;
			sourceTree = "<group>";
		};
		FD7828202173798B00DD19B6 /* TZInputView */ = {
			isa = PBXGroup;
			children = (
				FD1088972178193B00CE52FC /* TZInputView.swift */,
			);
			path = TZInputView;
			sourceTree = "<group>";
		};
		FD782821217379A400DD19B6 /* TZErrorView */ = {
			isa = PBXGroup;
			children = (
				FD14BD442174D5D3001BA5DC /* TZErrorView.swift */,
				FD14BD462174D606001BA5DC /* TZErrorView.xib */,
			);
			path = TZErrorView;
			sourceTree = "<group>";
		};
		FD782822217379BF00DD19B6 /* TZSegmentedControl */ = {
			isa = PBXGroup;
			children = (
				FD10889921783BDE00CE52FC /* TZSegmentedControl.swift */,
			);
			path = TZSegmentedControl;
			sourceTree = "<group>";
		};
		FD78282321737A0200DD19B6 /* Home */ = {
			isa = PBXGroup;
			children = (
				FD149934217DC4E80058C68E /* Cell */,
				FD782831217386BE00DD19B6 /* HomeViewController.swift */,
				FD149929217DBAF90058C68E /* View */,
				FD149928217DB6DE0058C68E /* ViewProxy */,
			);
			path = Home;
			sourceTree = "<group>";
		};
		FD78282421737A3B00DD19B6 /* Discovery */ = {
			isa = PBXGroup;
			children = (
				FDE3C5852189F3C90021D5F6 /* ViewProxy */,
				FDE3C5802189DE850021D5F6 /* Views */,
				FD7828332173871700DD19B6 /* DiscoveryViewController.swift */,
			);
			path = Discovery;
			sourceTree = "<group>";
		};
		FD78282721737AC500DD19B6 /* Follow */ = {
			isa = PBXGroup;
			children = (
				FD6DDC5A218B240D000A78D9 /* ViewProxy */,
				FD6DDC59218B2404000A78D9 /* Views */,
				FD7828352173875600DD19B6 /* FollowViewController.swift */,
			);
			path = Follow;
			sourceTree = "<group>";
		};
		FD78282821737B0800DD19B6 /* UserCenter */ = {
			isa = PBXGroup;
			children = (
				FDFC2546218EA2CB00A69A1A /* ViewProxy */,
				FDFC2545218EA2BD00A69A1A /* View */,
				FD782837217387AB00DD19B6 /* UserCenterViewController.swift */,
			);
			path = UserCenter;
			sourceTree = "<group>";
		};
		FDB883BD217C18ED00058D38 /* Home */ = {
			isa = PBXGroup;
			children = (
				FDB883C2217C191400058D38 /* Home_Channel_List.json */,
				FDB883BF217C191400058D38 /* Home_TableView_Response_11.json */,
				FDB883BE217C191400058D38 /* Home_TableView_Response_12.json */,
				FDB883C1217C191400058D38 /* Home_TableView_Response_13.json */,
				FDB883C0217C191400058D38 /* Home_TableView_Response_14.json */,
				FDB883C3217C191400058D38 /* Home_TableView_Response_15.json */,
				FD4FF68A217C1E6E001A20EF /* HomeTemplateResponse.swift */,
				FD4FF68C217C21CB001A20EF /* HomeDataSource.swift */,
			);
			path = Home;
			sourceTree = "<group>";
		};
		FDB883CA217C1A4300058D38 /* Public */ = {
			isa = PBXGroup;
			children = (
				FD4FF686217C1B2E001A20EF /* TZResponse.swift */,
			);
			path = Public;
			sourceTree = "<group>";
		};
		FDE3C57B2189D42B0021D5F6 /* Discovery */ = {
			isa = PBXGroup;
			children = (
				FDE3C57C2189D4510021D5F6 /* Discovery_List.json */,
				FDE3C57E2189D6600021D5F6 /* DiscoveryDataSource.swift */,
			);
			path = Discovery;
			sourceTree = "<group>";
		};
		FDE3C5802189DE850021D5F6 /* Views */ = {
			isa = PBXGroup;
			children = (
				FDE3C5812189DFB30021D5F6 /* DiscoveryTableViewCell.swift */,
				FDE3C5822189DFB30021D5F6 /* DiscoveryTableViewCell.xib */,
			);
			path = Views;
			sourceTree = "<group>";
		};
		FDE3C5852189F3C90021D5F6 /* ViewProxy */ = {
			isa = PBXGroup;
			children = (
				FDE3C5862189F45F0021D5F6 /* DiscoveryTableViewProxy.swift */,
			);
			path = ViewProxy;
			sourceTree = "<group>";
		};
		FDFC2545218EA2BD00A69A1A /* View */ = {
			isa = PBXGroup;
			children = (
				FDFC2547218EA3DC00A69A1A /* UCUserInfoCell.swift */,
				FDFC2548218EA3DC00A69A1A /* UCUserInfoCell.xib */,
				FDFC254B218EA6AD00A69A1A /* UCHorizontalScrollCell.swift */,
				FDFC254C218EA6AD00A69A1A /* UCHorizontalScrollCell.xib */,
				FDFC254F218EA74D00A69A1A /* UCCollectionSettingsCell.swift */,
				FDFC2550218EA74D00A69A1A /* UCCollectionSettingsCell.xib */,
			);
			path = View;
			sourceTree = "<group>";
		};
		FDFC2546218EA2CB00A69A1A /* ViewProxy */ = {
			isa = PBXGroup;
			children = (
				FDFC2553218EA80B00A69A1A /* UserCenterTableViewProxy.swift */,
			);
			path = ViewProxy;
			sourceTree = "<group>";
		};
/* End PBXGroup section */

/* Begin PBXNativeTarget section */
		FD160CA7216C910B00FDFBF1 /* TZVideoSwift */ = {
			isa = PBXNativeTarget;
			buildConfigurationList = FD160CD3216C910C00FDFBF1 /* Build configuration list for PBXNativeTarget "TZVideoSwift" */;
			buildPhases = (
				A7045A76036BB548E38FD3EB /* [CP] Check Pods Manifest.lock */,
				FD160CA4216C910B00FDFBF1 /* Sources */,
				FD160CA5216C910B00FDFBF1 /* Frameworks */,
				FD160CA6216C910B00FDFBF1 /* Resources */,
				BFD507DF013A8358C8EEAAF3 /* [CP] Embed Pods Frameworks */,
			);
			buildRules = (
			);
			dependencies = (
			);
			name = TZVideoSwift;
			productName = TZVideoSwift;
			productReference = FD160CA8216C910B00FDFBF1 /* TZVideoSwift.app */;
			productType = "com.apple.product-type.application";
		};
		FD160CBE216C910C00FDFBF1 /* TZVideoSwiftTests */ = {
			isa = PBXNativeTarget;
			buildConfigurationList = FD160CD6216C910C00FDFBF1 /* Build configuration list for PBXNativeTarget "TZVideoSwiftTests" */;
			buildPhases = (
				5EA015CFA6990815FA5F3437 /* [CP] Check Pods Manifest.lock */,
				FD160CBB216C910C00FDFBF1 /* Sources */,
				FD160CBC216C910C00FDFBF1 /* Frameworks */,
				FD160CBD216C910C00FDFBF1 /* Resources */,
			);
			buildRules = (
			);
			dependencies = (
				FD160CC1216C910C00FDFBF1 /* PBXTargetDependency */,
			);
			name = TZVideoSwiftTests;
			productName = TZVideoSwiftTests;
			productReference = FD160CBF216C910C00FDFBF1 /* TZVideoSwiftTests.xctest */;
			productType = "com.apple.product-type.bundle.unit-test";
		};
		FD160CC9216C910C00FDFBF1 /* TZVideoSwiftUITests */ = {
			isa = PBXNativeTarget;
			buildConfigurationList = FD160CD9216C910C00FDFBF1 /* Build configuration list for PBXNativeTarget "TZVideoSwiftUITests" */;
			buildPhases = (
				2BEB1723A049C48D176CB150 /* [CP] Check Pods Manifest.lock */,
				FD160CC6216C910C00FDFBF1 /* Sources */,
				FD160CC7216C910C00FDFBF1 /* Frameworks */,
				FD160CC8216C910C00FDFBF1 /* Resources */,
			);
			buildRules = (
			);
			dependencies = (
				FD160CCC216C910C00FDFBF1 /* PBXTargetDependency */,
			);
			name = TZVideoSwiftUITests;
			productName = TZVideoSwiftUITests;
			productReference = FD160CCA216C910C00FDFBF1 /* TZVideoSwiftUITests.xctest */;
			productType = "com.apple.product-type.bundle.ui-testing";
		};
/* End PBXNativeTarget section */

/* Begin PBXProject section */
		FD160CA0216C910B00FDFBF1 /* Project object */ = {
			isa = PBXProject;
			attributes = {
				CLASSPREFIX = TZ;
				LastSwiftUpdateCheck = 1000;
				LastUpgradeCheck = 1000;
				TargetAttributes = {
					FD160CA7216C910B00FDFBF1 = {
						CreatedOnToolsVersion = 10.0;
					};
					FD160CBE216C910C00FDFBF1 = {
						CreatedOnToolsVersion = 10.0;
						TestTargetID = FD160CA7216C910B00FDFBF1;
					};
					FD160CC9216C910C00FDFBF1 = {
						CreatedOnToolsVersion = 10.0;
						TestTargetID = FD160CA7216C910B00FDFBF1;
					};
				};
			};
			buildConfigurationList = FD160CA3216C910B00FDFBF1 /* Build configuration list for PBXProject "TZVideoSwift" */;
			compatibilityVersion = "Xcode 9.3";
			developmentRegion = en;
			hasScannedForEncodings = 0;
			knownRegions = (
				en,
				Base,
			);
			mainGroup = FD160C9F216C910B00FDFBF1;
			productRefGroup = FD160CA9216C910B00FDFBF1 /* Products */;
			projectDirPath = "";
			projectRoot = "";
			targets = (
				FD160CA7216C910B00FDFBF1 /* TZVideoSwift */,
				FD160CBE216C910C00FDFBF1 /* TZVideoSwiftTests */,
				FD160CC9216C910C00FDFBF1 /* TZVideoSwiftUITests */,
			);
		};
/* End PBXProject section */

/* Begin PBXResourcesBuildPhase section */
		FD160CA6216C910B00FDFBF1 /* Resources */ = {
			isa = PBXResourcesBuildPhase;
			buildActionMask = 2147483647;
			files = (
				FD160CB9216C910C00FDFBF1 /* LaunchScreen.storyboard in Resources */,
				FDFC2552218EA74D00A69A1A /* UCCollectionSettingsCell.xib in Resources */,
				FDB883C5217C191400058D38 /* Home_TableView_Response_11.json in Resources */,
				FD660BE7218C34ED003C43C3 /* FollowVideoCell.xib in Resources */,
				FD660BE3218C34B1003C43C3 /* FollowImageCell.xib in Resources */,
				FD14BD3E217474D1001BA5DC /* default.json in Resources */,
				FD41C294218B12D600EE21C6 /* Follow_List.json in Resources */,
				FDB883C7217C191400058D38 /* Home_TableView_Response_13.json in Resources */,
				FDB883C8217C191400058D38 /* Home_Channel_List.json in Resources */,
				FDFC254E218EA6AD00A69A1A /* UCHorizontalScrollCell.xib in Resources */,
				FD14993D217DC62F0058C68E /* HomeBannerTableViewCell.xib in Resources */,
				FDB883C9217C191400058D38 /* Home_TableView_Response_15.json in Resources */,
				FD160CB6216C910C00FDFBF1 /* Assets.xcassets in Resources */,
				FD6DDC5E218B2464000A78D9 /* FollowBaseCell.xib in Resources */,
				FDFC254A218EA3DC00A69A1A /* UCUserInfoCell.xib in Resources */,
				FD14BD472174D606001BA5DC /* TZErrorView.xib in Resources */,
				FDE3C57D2189D4510021D5F6 /* Discovery_List.json in Resources */,
				FD14994F217DC7420058C68E /* HomeChangeTableViewCell.xib in Resources */,
				FD149941217DC6810058C68E /* HomeTitleTableViewCell.xib in Resources */,
				FD149945217DC6AF0058C68E /* HomeOneBigTableViewCell.xib in Resources */,
				FD160CB1216C910B00FDFBF1 /* Main.storyboard in Resources */,
				FDB883C4217C191400058D38 /* Home_TableView_Response_12.json in Resources */,
				FD149933217DBF150058C68E /* HomeBaseTemplateView.xib in Resources */,
				FDE3C5842189DFB30021D5F6 /* DiscoveryTableViewCell.xib in Resources */,
				FD149939217DC53A0058C68E /* HomeBannerCollectionViewCell.xib in Resources */,
				FD149949217DC6D50058C68E /* HomeTwoTableViewCell.xib in Resources */,
				FDB883C6217C191400058D38 /* Home_TableView_Response_14.json in Resources */,
				FD8BC5A221820CCF00009AE6 /* HomeRankTableViewCell.xib in Resources */,
				FD14BD3F217474D1001BA5DC /* WhiteTheme.json in Resources */,
			);
			runOnlyForDeploymentPostprocessing = 0;
		};
		FD160CBD216C910C00FDFBF1 /* Resources */ = {
			isa = PBXResourcesBuildPhase;
			buildActionMask = 2147483647;
			files = (
			);
			runOnlyForDeploymentPostprocessing = 0;
		};
		FD160CC8216C910C00FDFBF1 /* Resources */ = {
			isa = PBXResourcesBuildPhase;
			buildActionMask = 2147483647;
			files = (
			);
			runOnlyForDeploymentPostprocessing = 0;
		};
/* End PBXResourcesBuildPhase section */

/* Begin PBXShellScriptBuildPhase section */
		2BEB1723A049C48D176CB150 /* [CP] Check Pods Manifest.lock */ = {
			isa = PBXShellScriptBuildPhase;
			buildActionMask = 2147483647;
			files = (
			);
			inputPaths = (
				"${PODS_PODFILE_DIR_PATH}/Podfile.lock",
				"${PODS_ROOT}/Manifest.lock",
			);
			name = "[CP] Check Pods Manifest.lock";
			outputPaths = (
				"$(DERIVED_FILE_DIR)/Pods-TZVideoSwiftUITests-checkManifestLockResult.txt",
			);
			runOnlyForDeploymentPostprocessing = 0;
			shellPath = /bin/sh;
			shellScript = "diff \"${PODS_PODFILE_DIR_PATH}/Podfile.lock\" \"${PODS_ROOT}/Manifest.lock\" > /dev/null\nif [ $? != 0 ] ; then\n    # print error to STDERR\n    echo \"error: The sandbox is not in sync with the Podfile.lock. Run 'pod install' or update your CocoaPods installation.\" >&2\n    exit 1\nfi\n# This output is used by Xcode 'outputs' to avoid re-running this script phase.\necho \"SUCCESS\" > \"${SCRIPT_OUTPUT_FILE_0}\"\n";
			showEnvVarsInLog = 0;
		};
		5EA015CFA6990815FA5F3437 /* [CP] Check Pods Manifest.lock */ = {
			isa = PBXShellScriptBuildPhase;
			buildActionMask = 2147483647;
			files = (
			);
			inputPaths = (
				"${PODS_PODFILE_DIR_PATH}/Podfile.lock",
				"${PODS_ROOT}/Manifest.lock",
			);
			name = "[CP] Check Pods Manifest.lock";
			outputPaths = (
				"$(DERIVED_FILE_DIR)/Pods-TZVideoSwiftTests-checkManifestLockResult.txt",
			);
			runOnlyForDeploymentPostprocessing = 0;
			shellPath = /bin/sh;
			shellScript = "diff \"${PODS_PODFILE_DIR_PATH}/Podfile.lock\" \"${PODS_ROOT}/Manifest.lock\" > /dev/null\nif [ $? != 0 ] ; then\n    # print error to STDERR\n    echo \"error: The sandbox is not in sync with the Podfile.lock. Run 'pod install' or update your CocoaPods installation.\" >&2\n    exit 1\nfi\n# This output is used by Xcode 'outputs' to avoid re-running this script phase.\necho \"SUCCESS\" > \"${SCRIPT_OUTPUT_FILE_0}\"\n";
			showEnvVarsInLog = 0;
		};
		A7045A76036BB548E38FD3EB /* [CP] Check Pods Manifest.lock */ = {
			isa = PBXShellScriptBuildPhase;
			buildActionMask = 2147483647;
			files = (
			);
			inputPaths = (
				"${PODS_PODFILE_DIR_PATH}/Podfile.lock",
				"${PODS_ROOT}/Manifest.lock",
			);
			name = "[CP] Check Pods Manifest.lock";
			outputPaths = (
				"$(DERIVED_FILE_DIR)/Pods-TZVideoSwift-checkManifestLockResult.txt",
			);
			runOnlyForDeploymentPostprocessing = 0;
			shellPath = /bin/sh;
			shellScript = "diff \"${PODS_PODFILE_DIR_PATH}/Podfile.lock\" \"${PODS_ROOT}/Manifest.lock\" > /dev/null\nif [ $? != 0 ] ; then\n    # print error to STDERR\n    echo \"error: The sandbox is not in sync with the Podfile.lock. Run 'pod install' or update your CocoaPods installation.\" >&2\n    exit 1\nfi\n# This output is used by Xcode 'outputs' to avoid re-running this script phase.\necho \"SUCCESS\" > \"${SCRIPT_OUTPUT_FILE_0}\"\n";
			showEnvVarsInLog = 0;
		};
		BFD507DF013A8358C8EEAAF3 /* [CP] Embed Pods Frameworks */ = {
			isa = PBXShellScriptBuildPhase;
			buildActionMask = 2147483647;
			files = (
			);
			inputPaths = (
				"${SRCROOT}/Pods/Target Support Files/Pods-TZVideoSwift/Pods-TZVideoSwift-frameworks.sh",
				"${BUILT_PRODUCTS_DIR}/AFNetworking/AFNetworking.framework",
				"${BUILT_PRODUCTS_DIR}/CocoaAsyncSocket/CocoaAsyncSocket.framework",
				"${BUILT_PRODUCTS_DIR}/DACircularProgress/DACircularProgress.framework",
				"${BUILT_PRODUCTS_DIR}/FLAnimatedImage/FLAnimatedImage.framework",
				"${BUILT_PRODUCTS_DIR}/FMDB/FMDB.framework",
				"${BUILT_PRODUCTS_DIR}/JSONModel/JSONModel.framework",
				"${BUILT_PRODUCTS_DIR}/MBProgressHUD/MBProgressHUD.framework",
				"${BUILT_PRODUCTS_DIR}/MRDLNA/MRDLNA.framework",
				"${BUILT_PRODUCTS_DIR}/Masonry/Masonry.framework",
				"${BUILT_PRODUCTS_DIR}/PYPhotoBrowser/PYPhotoBrowser.framework",
				"${BUILT_PRODUCTS_DIR}/SDWebImage/SDWebImage.framework",
				"${BUILT_PRODUCTS_DIR}/SSZipArchive/SSZipArchive.framework",
				"${BUILT_PRODUCTS_DIR}/SakuraKit/SakuraKit.framework",
				"${BUILT_PRODUCTS_DIR}/TYCyclePagerView/TYCyclePagerView.framework",
			);
			name = "[CP] Embed Pods Frameworks";
			outputPaths = (
				"${TARGET_BUILD_DIR}/${FRAMEWORKS_FOLDER_PATH}/AFNetworking.framework",
				"${TARGET_BUILD_DIR}/${FRAMEWORKS_FOLDER_PATH}/CocoaAsyncSocket.framework",
				"${TARGET_BUILD_DIR}/${FRAMEWORKS_FOLDER_PATH}/DACircularProgress.framework",
				"${TARGET_BUILD_DIR}/${FRAMEWORKS_FOLDER_PATH}/FLAnimatedImage.framework",
				"${TARGET_BUILD_DIR}/${FRAMEWORKS_FOLDER_PATH}/FMDB.framework",
				"${TARGET_BUILD_DIR}/${FRAMEWORKS_FOLDER_PATH}/JSONModel.framework",
				"${TARGET_BUILD_DIR}/${FRAMEWORKS_FOLDER_PATH}/MBProgressHUD.framework",
				"${TARGET_BUILD_DIR}/${FRAMEWORKS_FOLDER_PATH}/MRDLNA.framework",
				"${TARGET_BUILD_DIR}/${FRAMEWORKS_FOLDER_PATH}/Masonry.framework",
				"${TARGET_BUILD_DIR}/${FRAMEWORKS_FOLDER_PATH}/PYPhotoBrowser.framework",
				"${TARGET_BUILD_DIR}/${FRAMEWORKS_FOLDER_PATH}/SDWebImage.framework",
				"${TARGET_BUILD_DIR}/${FRAMEWORKS_FOLDER_PATH}/SSZipArchive.framework",
				"${TARGET_BUILD_DIR}/${FRAMEWORKS_FOLDER_PATH}/SakuraKit.framework",
				"${TARGET_BUILD_DIR}/${FRAMEWORKS_FOLDER_PATH}/TYCyclePagerView.framework",
			);
			runOnlyForDeploymentPostprocessing = 0;
			shellPath = /bin/sh;
			shellScript = "\"${SRCROOT}/Pods/Target Support Files/Pods-TZVideoSwift/Pods-TZVideoSwift-frameworks.sh\"\n";
			showEnvVarsInLog = 0;
		};
/* End PBXShellScriptBuildPhase section */

/* Begin PBXSourcesBuildPhase section */
		FD160CA4216C910B00FDFBF1 /* Sources */ = {
			isa = PBXSourcesBuildPhase;
			buildActionMask = 2147483647;
			files = (
				FD14992F217DBE1D0058C68E /* HomeCollectionViewCell.swift in Sources */,
				FD6DDC5D218B2464000A78D9 /* FollowBaseCell.swift in Sources */,
				FD5A3F9F21777975006EC2C4 /* TZToast.swift in Sources */,
				FD7828362173875600DD19B6 /* FollowViewController.swift in Sources */,
				FD14992D217DBD950058C68E /* HomeCollectionViewProxy.swift in Sources */,
				FD10889A21783BDE00CE52FC /* TZSegmentedControl.swift in Sources */,
				FDE3C5872189F45F0021D5F6 /* DiscoveryTableViewProxy.swift in Sources */,
				FD14BD452174D5D3001BA5DC /* TZErrorView.swift in Sources */,
				FD6DDC60218B24DB000A78D9 /* FollowTableViewProxy.swift in Sources */,
				FD4C2CEA21761A57005E8F68 /* TZLoading.swift in Sources */,
				FDFC2549218EA3DC00A69A1A /* UCUserInfoCell.swift in Sources */,
				FD78282E2173829C00DD19B6 /* TZWebViewController.swift in Sources */,
				FD149938217DC53A0058C68E /* HomeBannerCollectionViewCell.swift in Sources */,
				FD160CAE216C910B00FDFBF1 /* ViewController.swift in Sources */,
				FD14994E217DC7420058C68E /* HomeChangeTableViewCell.swift in Sources */,
				FD1C80D22176CAB6005C132B /* TZShare.swift in Sources */,
				FDFC254D218EA6AD00A69A1A /* UCHorizontalScrollCell.swift in Sources */,
				FDFC2554218EA80B00A69A1A /* UserCenterTableViewProxy.swift in Sources */,
				FD160CAC216C910B00FDFBF1 /* AppDelegate.swift in Sources */,
				FD149944217DC6AF0058C68E /* HomeOneBigTableViewCell.swift in Sources */,
				FD19268321758310003239DB /* TZCollectionViewCell.swift in Sources */,
				FD14992B217DBD560058C68E /* HomeTableViewProxy.swift in Sources */,
				FD78282A217381A300DD19B6 /* TZNavigationController.swift in Sources */,
				FD149931217DBEF80058C68E /* HomeBaseTemplateView.swift in Sources */,
				FD4FF68D217C21CB001A20EF /* HomeDataSource.swift in Sources */,
				FDE3C57F2189D6600021D5F6 /* DiscoveryDataSource.swift in Sources */,
				FD78282C2173822800DD19B6 /* TZBaseViewController.swift in Sources */,
				FD782832217386BE00DD19B6 /* HomeViewController.swift in Sources */,
				FD782815217374CA00DD19B6 /* MainTabBarController.swift in Sources */,
				FD660BE2218C34B1003C43C3 /* FollowImageCell.swift in Sources */,
				FD782838217387AB00DD19B6 /* UserCenterViewController.swift in Sources */,
				FDFC2551218EA74D00A69A1A /* UCCollectionSettingsCell.swift in Sources */,
				FD149948217DC6D50058C68E /* HomeTwoTableViewCell.swift in Sources */,
				FDE3C5832189DFB30021D5F6 /* DiscoveryTableViewCell.swift in Sources */,
				FD14BD412174C47A001BA5DC /* TZTableViewProxy.swift in Sources */,
				FD4FF68B217C1E6E001A20EF /* HomeTemplateResponse.swift in Sources */,
				FD4FF687217C1B2E001A20EF /* TZResponse.swift in Sources */,
				FD1088982178193B00CE52FC /* TZInputView.swift in Sources */,
				FD782830217383B400DD19B6 /* TZMediator.swift in Sources */,
				FD660BE6218C34ED003C43C3 /* FollowVideoCell.swift in Sources */,
				FD41C296218B1EFE00EE21C6 /* FollowDataSource.swift in Sources */,
				FD14993C217DC62F0058C68E /* HomeBannerTableViewCell.swift in Sources */,
				FD149940217DC6810058C68E /* HomeTitleTableViewCell.swift in Sources */,
				FD4C2CED21761E26005E8F68 /* UIColor+Custom.swift in Sources */,
				FD160CB4216C910B00FDFBF1 /* TZVideoSwift.xcdatamodeld in Sources */,
				FD8BC5A121820CCF00009AE6 /* HomeRankTableViewCell.swift in Sources */,
				FD192681217581D1003239DB /* TZCollectionViewProxy.swift in Sources */,
				FD7828342173871700DD19B6 /* DiscoveryViewController.swift in Sources */,
				FD14BD432174C4AD001BA5DC /* TZTableViewCell.swift in Sources */,
			);
			runOnlyForDeploymentPostprocessing = 0;
		};
		FD160CBB216C910C00FDFBF1 /* Sources */ = {
			isa = PBXSourcesBuildPhase;
			buildActionMask = 2147483647;
			files = (
				FD160CC4216C910C00FDFBF1 /* TZVideoSwiftTests.swift in Sources */,
			);
			runOnlyForDeploymentPostprocessing = 0;
		};
		FD160CC6216C910C00FDFBF1 /* Sources */ = {
			isa = PBXSourcesBuildPhase;
			buildActionMask = 2147483647;
			files = (
				FD160CCF216C910C00FDFBF1 /* TZVideoSwiftUITests.swift in Sources */,
			);
			runOnlyForDeploymentPostprocessing = 0;
		};
/* End PBXSourcesBuildPhase section */

/* Begin PBXTargetDependency section */
		FD160CC1216C910C00FDFBF1 /* PBXTargetDependency */ = {
			isa = PBXTargetDependency;
			target = FD160CA7216C910B00FDFBF1 /* TZVideoSwift */;
			targetProxy = FD160CC0216C910C00FDFBF1 /* PBXContainerItemProxy */;
		};
		FD160CCC216C910C00FDFBF1 /* PBXTargetDependency */ = {
			isa = PBXTargetDependency;
			target = FD160CA7216C910B00FDFBF1 /* TZVideoSwift */;
			targetProxy = FD160CCB216C910C00FDFBF1 /* PBXContainerItemProxy */;
		};
/* End PBXTargetDependency section */

/* Begin PBXVariantGroup section */
		FD160CAF216C910B00FDFBF1 /* Main.storyboard */ = {
			isa = PBXVariantGroup;
			children = (
				FD160CB0216C910B00FDFBF1 /* Base */,
			);
			name = Main.storyboard;
			sourceTree = "<group>";
		};
		FD160CB7216C910C00FDFBF1 /* LaunchScreen.storyboard */ = {
			isa = PBXVariantGroup;
			children = (
				FD160CB8216C910C00FDFBF1 /* Base */,
			);
			name = LaunchScreen.storyboard;
			sourceTree = "<group>";
		};
/* End PBXVariantGroup section */

/* Begin XCBuildConfiguration section */
		FD160CD1216C910C00FDFBF1 /* Debug */ = {
			isa = XCBuildConfiguration;
			buildSettings = {
				ALWAYS_SEARCH_USER_PATHS = NO;
				CLANG_ANALYZER_NONNULL = YES;
				CLANG_ANALYZER_NUMBER_OBJECT_CONVERSION = YES_AGGRESSIVE;
				CLANG_CXX_LANGUAGE_STANDARD = "gnu++14";
				CLANG_CXX_LIBRARY = "libc++";
				CLANG_ENABLE_MODULES = YES;
				CLANG_ENABLE_OBJC_ARC = YES;
				CLANG_ENABLE_OBJC_WEAK = YES;
				CLANG_WARN_BLOCK_CAPTURE_AUTORELEASING = YES;
				CLANG_WARN_BOOL_CONVERSION = YES;
				CLANG_WARN_COMMA = YES;
				CLANG_WARN_CONSTANT_CONVERSION = YES;
				CLANG_WARN_DEPRECATED_OBJC_IMPLEMENTATIONS = YES;
				CLANG_WARN_DIRECT_OBJC_ISA_USAGE = YES_ERROR;
				CLANG_WARN_DOCUMENTATION_COMMENTS = YES;
				CLANG_WARN_EMPTY_BODY = YES;
				CLANG_WARN_ENUM_CONVERSION = YES;
				CLANG_WARN_INFINITE_RECURSION = YES;
				CLANG_WARN_INT_CONVERSION = YES;
				CLANG_WARN_NON_LITERAL_NULL_CONVERSION = YES;
				CLANG_WARN_OBJC_IMPLICIT_RETAIN_SELF = YES;
				CLANG_WARN_OBJC_LITERAL_CONVERSION = YES;
				CLANG_WARN_OBJC_ROOT_CLASS = YES_ERROR;
				CLANG_WARN_RANGE_LOOP_ANALYSIS = YES;
				CLANG_WARN_STRICT_PROTOTYPES = YES;
				CLANG_WARN_SUSPICIOUS_MOVE = YES;
				CLANG_WARN_UNGUARDED_AVAILABILITY = YES_AGGRESSIVE;
				CLANG_WARN_UNREACHABLE_CODE = YES;
				CLANG_WARN__DUPLICATE_METHOD_MATCH = YES;
				CODE_SIGN_IDENTITY = "iPhone Developer";
				COPY_PHASE_STRIP = NO;
				DEBUG_INFORMATION_FORMAT = dwarf;
				ENABLE_STRICT_OBJC_MSGSEND = YES;
				ENABLE_TESTABILITY = YES;
				GCC_C_LANGUAGE_STANDARD = gnu11;
				GCC_DYNAMIC_NO_PIC = NO;
				GCC_NO_COMMON_BLOCKS = YES;
				GCC_OPTIMIZATION_LEVEL = 0;
				GCC_PREPROCESSOR_DEFINITIONS = (
					"DEBUG=1",
					"$(inherited)",
				);
				GCC_WARN_64_TO_32_BIT_CONVERSION = YES;
				GCC_WARN_ABOUT_RETURN_TYPE = YES_ERROR;
				GCC_WARN_UNDECLARED_SELECTOR = YES;
				GCC_WARN_UNINITIALIZED_AUTOS = YES_AGGRESSIVE;
				GCC_WARN_UNUSED_FUNCTION = YES;
				GCC_WARN_UNUSED_VARIABLE = YES;
				IPHONEOS_DEPLOYMENT_TARGET = 12.0;
				MTL_ENABLE_DEBUG_INFO = INCLUDE_SOURCE;
				MTL_FAST_MATH = YES;
				ONLY_ACTIVE_ARCH = YES;
				SDKROOT = iphoneos;
				SWIFT_ACTIVE_COMPILATION_CONDITIONS = DEBUG;
				SWIFT_OPTIMIZATION_LEVEL = "-Onone";
			};
			name = Debug;
		};
		FD160CD2216C910C00FDFBF1 /* Release */ = {
			isa = XCBuildConfiguration;
			buildSettings = {
				ALWAYS_SEARCH_USER_PATHS = NO;
				CLANG_ANALYZER_NONNULL = YES;
				CLANG_ANALYZER_NUMBER_OBJECT_CONVERSION = YES_AGGRESSIVE;
				CLANG_CXX_LANGUAGE_STANDARD = "gnu++14";
				CLANG_CXX_LIBRARY = "libc++";
				CLANG_ENABLE_MODULES = YES;
				CLANG_ENABLE_OBJC_ARC = YES;
				CLANG_ENABLE_OBJC_WEAK = YES;
				CLANG_WARN_BLOCK_CAPTURE_AUTORELEASING = YES;
				CLANG_WARN_BOOL_CONVERSION = YES;
				CLANG_WARN_COMMA = YES;
				CLANG_WARN_CONSTANT_CONVERSION = YES;
				CLANG_WARN_DEPRECATED_OBJC_IMPLEMENTATIONS = YES;
				CLANG_WARN_DIRECT_OBJC_ISA_USAGE = YES_ERROR;
				CLANG_WARN_DOCUMENTATION_COMMENTS = YES;
				CLANG_WARN_EMPTY_BODY = YES;
				CLANG_WARN_ENUM_CONVERSION = YES;
				CLANG_WARN_INFINITE_RECURSION = YES;
				CLANG_WARN_INT_CONVERSION = YES;
				CLANG_WARN_NON_LITERAL_NULL_CONVERSION = YES;
				CLANG_WARN_OBJC_IMPLICIT_RETAIN_SELF = YES;
				CLANG_WARN_OBJC_LITERAL_CONVERSION = YES;
				CLANG_WARN_OBJC_ROOT_CLASS = YES_ERROR;
				CLANG_WARN_RANGE_LOOP_ANALYSIS = YES;
				CLANG_WARN_STRICT_PROTOTYPES = YES;
				CLANG_WARN_SUSPICIOUS_MOVE = YES;
				CLANG_WARN_UNGUARDED_AVAILABILITY = YES_AGGRESSIVE;
				CLANG_WARN_UNREACHABLE_CODE = YES;
				CLANG_WARN__DUPLICATE_METHOD_MATCH = YES;
				CODE_SIGN_IDENTITY = "iPhone Developer";
				COPY_PHASE_STRIP = NO;
				DEBUG_INFORMATION_FORMAT = "dwarf-with-dsym";
				ENABLE_NS_ASSERTIONS = NO;
				ENABLE_STRICT_OBJC_MSGSEND = YES;
				GCC_C_LANGUAGE_STANDARD = gnu11;
				GCC_NO_COMMON_BLOCKS = YES;
				GCC_WARN_64_TO_32_BIT_CONVERSION = YES;
				GCC_WARN_ABOUT_RETURN_TYPE = YES_ERROR;
				GCC_WARN_UNDECLARED_SELECTOR = YES;
				GCC_WARN_UNINITIALIZED_AUTOS = YES_AGGRESSIVE;
				GCC_WARN_UNUSED_FUNCTION = YES;
				GCC_WARN_UNUSED_VARIABLE = YES;
				IPHONEOS_DEPLOYMENT_TARGET = 12.0;
				MTL_ENABLE_DEBUG_INFO = NO;
				MTL_FAST_MATH = YES;
				SDKROOT = iphoneos;
				SWIFT_COMPILATION_MODE = wholemodule;
				SWIFT_OPTIMIZATION_LEVEL = "-O";
				VALIDATE_PRODUCT = YES;
			};
			name = Release;
		};
		FD160CD4216C910C00FDFBF1 /* Debug */ = {
			isa = XCBuildConfiguration;
			baseConfigurationReference = 4214190F47E7BD79A05444C9 /* Pods-TZVideoSwift.debug.xcconfig */;
			buildSettings = {
				ASSETCATALOG_COMPILER_APPICON_NAME = AppIcon;
				CODE_SIGN_STYLE = Automatic;
				DEVELOPMENT_TEAM = P47Q234AXU;
				INFOPLIST_FILE = TZVideoSwift/Info.plist;
				IPHONEOS_DEPLOYMENT_TARGET = 11.0;
				LD_RUNPATH_SEARCH_PATHS = (
					"$(inherited)",
					"@executable_path/Frameworks",
				);
				PRODUCT_BUNDLE_IDENTIFIER = com.qiyiyi.TZVideoSwift;
				PRODUCT_NAME = "$(TARGET_NAME)";
				SWIFT_VERSION = 4.2;
				TARGETED_DEVICE_FAMILY = "1,2";
			};
			name = Debug;
		};
		FD160CD5216C910C00FDFBF1 /* Release */ = {
			isa = XCBuildConfiguration;
			baseConfigurationReference = E35014DBE510E26D1A83809B /* Pods-TZVideoSwift.release.xcconfig */;
			buildSettings = {
				ASSETCATALOG_COMPILER_APPICON_NAME = AppIcon;
				CODE_SIGN_STYLE = Automatic;
				DEVELOPMENT_TEAM = P47Q234AXU;
				INFOPLIST_FILE = TZVideoSwift/Info.plist;
				IPHONEOS_DEPLOYMENT_TARGET = 11.0;
				LD_RUNPATH_SEARCH_PATHS = (
					"$(inherited)",
					"@executable_path/Frameworks",
				);
				PRODUCT_BUNDLE_IDENTIFIER = com.qiyiyi.TZVideoSwift;
				PRODUCT_NAME = "$(TARGET_NAME)";
				SWIFT_VERSION = 4.2;
				TARGETED_DEVICE_FAMILY = "1,2";
			};
			name = Release;
		};
		FD160CD7216C910C00FDFBF1 /* Debug */ = {
			isa = XCBuildConfiguration;
			baseConfigurationReference = 8B54E426AF948CF4070C5B27 /* Pods-TZVideoSwiftTests.debug.xcconfig */;
			buildSettings = {
				ALWAYS_EMBED_SWIFT_STANDARD_LIBRARIES = YES;
				BUNDLE_LOADER = "$(TEST_HOST)";
				CODE_SIGN_STYLE = Automatic;
				DEVELOPMENT_TEAM = P47Q234AXU;
				INFOPLIST_FILE = TZVideoSwiftTests/Info.plist;
				LD_RUNPATH_SEARCH_PATHS = (
					"$(inherited)",
					"@executable_path/Frameworks",
					"@loader_path/Frameworks",
				);
				PRODUCT_BUNDLE_IDENTIFIER = com.qiyiyi.TZVideoSwiftTests;
				PRODUCT_NAME = "$(TARGET_NAME)";
				SWIFT_VERSION = 4.2;
				TARGETED_DEVICE_FAMILY = "1,2";
				TEST_HOST = "$(BUILT_PRODUCTS_DIR)/TZVideoSwift.app/TZVideoSwift";
			};
			name = Debug;
		};
		FD160CD8216C910C00FDFBF1 /* Release */ = {
			isa = XCBuildConfiguration;
			baseConfigurationReference = 387A860BEF1FBD3DEBEFF3DF /* Pods-TZVideoSwiftTests.release.xcconfig */;
			buildSettings = {
				ALWAYS_EMBED_SWIFT_STANDARD_LIBRARIES = YES;
				BUNDLE_LOADER = "$(TEST_HOST)";
				CODE_SIGN_STYLE = Automatic;
				DEVELOPMENT_TEAM = P47Q234AXU;
				INFOPLIST_FILE = TZVideoSwiftTests/Info.plist;
				LD_RUNPATH_SEARCH_PATHS = (
					"$(inherited)",
					"@executable_path/Frameworks",
					"@loader_path/Frameworks",
				);
				PRODUCT_BUNDLE_IDENTIFIER = com.qiyiyi.TZVideoSwiftTests;
				PRODUCT_NAME = "$(TARGET_NAME)";
				SWIFT_VERSION = 4.2;
				TARGETED_DEVICE_FAMILY = "1,2";
				TEST_HOST = "$(BUILT_PRODUCTS_DIR)/TZVideoSwift.app/TZVideoSwift";
			};
			name = Release;
		};
		FD160CDA216C910C00FDFBF1 /* Debug */ = {
			isa = XCBuildConfiguration;
			baseConfigurationReference = 88A7B97CAA10C04B6C309EE8 /* Pods-TZVideoSwiftUITests.debug.xcconfig */;
			buildSettings = {
				ALWAYS_EMBED_SWIFT_STANDARD_LIBRARIES = YES;
				CODE_SIGN_STYLE = Automatic;
				DEVELOPMENT_TEAM = P47Q234AXU;
				INFOPLIST_FILE = TZVideoSwiftUITests/Info.plist;
				LD_RUNPATH_SEARCH_PATHS = (
					"$(inherited)",
					"@executable_path/Frameworks",
					"@loader_path/Frameworks",
				);
				PRODUCT_BUNDLE_IDENTIFIER = com.qiyiyi.TZVideoSwiftUITests;
				PRODUCT_NAME = "$(TARGET_NAME)";
				SWIFT_VERSION = 4.2;
				TARGETED_DEVICE_FAMILY = "1,2";
				TEST_TARGET_NAME = TZVideoSwift;
			};
			name = Debug;
		};
		FD160CDB216C910C00FDFBF1 /* Release */ = {
			isa = XCBuildConfiguration;
			baseConfigurationReference = 692D71AA46D320BFE2CEAE88 /* Pods-TZVideoSwiftUITests.release.xcconfig */;
			buildSettings = {
				ALWAYS_EMBED_SWIFT_STANDARD_LIBRARIES = YES;
				CODE_SIGN_STYLE = Automatic;
				DEVELOPMENT_TEAM = P47Q234AXU;
				INFOPLIST_FILE = TZVideoSwiftUITests/Info.plist;
				LD_RUNPATH_SEARCH_PATHS = (
					"$(inherited)",
					"@executable_path/Frameworks",
					"@loader_path/Frameworks",
				);
				PRODUCT_BUNDLE_IDENTIFIER = com.qiyiyi.TZVideoSwiftUITests;
				PRODUCT_NAME = "$(TARGET_NAME)";
				SWIFT_VERSION = 4.2;
				TARGETED_DEVICE_FAMILY = "1,2";
				TEST_TARGET_NAME = TZVideoSwift;
			};
			name = Release;
		};
/* End XCBuildConfiguration section */

/* Begin XCConfigurationList section */
		FD160CA3216C910B00FDFBF1 /* Build configuration list for PBXProject "TZVideoSwift" */ = {
			isa = XCConfigurationList;
			buildConfigurations = (
				FD160CD1216C910C00FDFBF1 /* Debug */,
				FD160CD2216C910C00FDFBF1 /* Release */,
			);
			defaultConfigurationIsVisible = 0;
			defaultConfigurationName = Release;
		};
		FD160CD3216C910C00FDFBF1 /* Build configuration list for PBXNativeTarget "TZVideoSwift" */ = {
			isa = XCConfigurationList;
			buildConfigurations = (
				FD160CD4216C910C00FDFBF1 /* Debug */,
				FD160CD5216C910C00FDFBF1 /* Release */,
			);
			defaultConfigurationIsVisible = 0;
			defaultConfigurationName = Release;
		};
		FD160CD6216C910C00FDFBF1 /* Build configuration list for PBXNativeTarget "TZVideoSwiftTests" */ = {
			isa = XCConfigurationList;
			buildConfigurations = (
				FD160CD7216C910C00FDFBF1 /* Debug */,
				FD160CD8216C910C00FDFBF1 /* Release */,
			);
			defaultConfigurationIsVisible = 0;
			defaultConfigurationName = Release;
		};
		FD160CD9216C910C00FDFBF1 /* Build configuration list for PBXNativeTarget "TZVideoSwiftUITests" */ = {
			isa = XCConfigurationList;
			buildConfigurations = (
				FD160CDA216C910C00FDFBF1 /* Debug */,
				FD160CDB216C910C00FDFBF1 /* Release */,
			);
			defaultConfigurationIsVisible = 0;
			defaultConfigurationName = Release;
		};
/* End XCConfigurationList section */

/* Begin XCVersionGroup section */
		FD160CB2216C910B00FDFBF1 /* TZVideoSwift.xcdatamodeld */ = {
			isa = XCVersionGroup;
			children = (
				FD160CB3216C910B00FDFBF1 /* TZVideoSwift.xcdatamodel */,
			);
			currentVersion = FD160CB3216C910B00FDFBF1 /* TZVideoSwift.xcdatamodel */;
			path = TZVideoSwift.xcdatamodeld;
			sourceTree = "<group>";
			versionGroupType = wrapper.xcdatamodel;
		};
/* End XCVersionGroup section */
	};
	rootObject = FD160CA0216C910B00FDFBF1 /* Project object */;
}
